
Microsoft Visual Studio Solution File, Format Version 12.00
# Visual Studio Version 17
VisualStudioVersion = 17.11.35222.181
MinimumVisualStudioVersion = 10.0.40219.1
Project("{FAE04EC0-301F-11D3-BF4B-00C04F79EFBC}") = "Assignment2", "Assignment2.csproj", "{A73110F7-56CF-4397-A2BA-D574B2E6267F}"
EndProject
Global
	GlobalSection(SolutionConfigurationPlatforms) = preSolution
		Debug|Any CPU = Debug|Any CPU
		Release|Any CPU = Release|Any CPU
	EndGlobalSection
	GlobalSection(ProjectConfigurationPlatforms) = postSolution
		{A73110F7-56CF-4397-A2BA-D574B2E6267F}.Debug|Any CPU.ActiveCfg = Debug|Any CPU
		{A73110F7-56CF-4397-A2BA-D574B2E6267F}.Debug|Any CPU.Build.0 = Debug|Any CPU
		{A73110F7-56CF-4397-A2BA-D574B2E6267F}.Release|Any CPU.ActiveCfg = Release|Any CPU
		{A73110F7-56CF-4397-A2BA-D574B2E6267F}.Release|Any CPU.Build.0 = Release|Any CPU
	EndGlobalSection
	GlobalSection(SolutionProperties) = preSolution
		HideSolutionNode = FALSE
	EndGlobalSection
	GlobalSection(ExtensibilityGlobals) = postSolution
		SolutionGuid = {80CDE777-9EFB-4C64-926C-A1F3762EDBBB}
	EndGlobalSection
EndGlobal
